{
  "name": "vscode-132299",
  "version": "1.0.0",
  "lockfileVersion": 2,
  "requires": true,
  "packages": {
    "": {
      "name": "vscode-132299",
      "version": "1.0.0",
      "license": "ISC",
      "dependencies": {
        "luxon": "^2.0.2"
      },
      "devDependencies": {
        "@types/luxon": "^2.0.3",
        "typescript": "^4.4.2"
      }
    },
    "node_modules/@types/luxon": {
      "version": "2.0.3",
      "resolved": "https://registry.npmjs.org/@types/luxon/-/luxon-2.0.3.tgz",
      "integrity": "sha512-qhyivlWLuSnQa6EMx7W2oPiMUD4/F9BLuQynZe3jBgmfCS6Xr+Ock1+ZotN6xEkdJvdckyX+z1r5fyvi31GV5Q==",
      "dev": true
    },
    "node_modules/luxon": {
      "version": "2.0.2",
      "resolved": "https://registry.npmjs.org/luxon/-/luxon-2.0.2.tgz",
      "integrity": "sha512-ZRioYLCgRHrtTORaZX1mx+jtxKtKuI5ZDvHNAmqpUzGqSrR+tL4FVLn/CUGMA3h0+AKD1MAxGI5GnCqR5txNqg==",
      "engines": {
        "node": "*"
      }
    },
    "node_modules/typescript": {
      "version": "4.4.2",
      "resolved": "https://registry.npmjs.org/typescript/-/typescript-4.4.2.tgz",
      "integrity": "sha512-gzP+t5W4hdy4c+68bfcv0t400HVJMMd2+H9B7gae1nQlBzCqvrXX+6GL/b3GAgyTH966pzrZ70/fRjwAtZksSQ==",
      "dev": true,
      "bin": {
        "tsc": "bin/tsc",
        "tsserver": "bin/tsserver"
      },
      "engines": {
        "node": ">=4.2.0"
      }
    }
  },
  "dependencies": {
    "@types/luxon": {
      "version": "2.0.3",
      "resolved": "https://registry.npmjs.org/@types/luxon/-/luxon-2.0.3.tgz",
      "integrity": "sha512-qhyivlWLuSnQa6EMx7W2oPiMUD4/F9BLuQynZe3jBgmfCS6Xr+Ock1+ZotN6xEkdJvdckyX+z1r5fyvi31GV5Q==",
      "dev": true
    },
    "luxon": {
      "version": "2.0.2",
      "resolved": "https://registry.npmjs.org/luxon/-/luxon-2.0.2.tgz",
      "integrity": "sha512-ZRioYLCgRHrtTORaZX1mx+jtxKtKuI5ZDvHNAmqpUzGqSrR+tL4FVLn/CUGMA3h0+AKD1MAxGI5GnCqR5txNqg=="
    },
    "typescript": {
      "version": "4.4.2",
      "resolved": "https://registry.npmjs.org/typescript/-/typescript-4.4.2.tgz",
      "integrity": "sha512-gzP+t5W4hdy4c+68bfcv0t400HVJMMd2+H9B7gae1nQlBzCqvrXX+6GL/b3GAgyTH966pzrZ70/fRjwAtZksSQ==",
      "dev": true
    }
  }
}
